
Microsoft Visual Studio Solution File, Format Version 12.00
# Visual Studio 2010
Project("{FAE04EC0-301F-11D3-BF4B-00C04F79EFBC}") = "DataStructure", "DataStructure\DataStructure.csproj", "{4D1A0394-5A71-4FFC-A679-D164908F36B1}"
EndProject
Project("{FAE04EC0-301F-11D3-BF4B-00C04F79EFBC}") = "ProgrammingProblems", "ProgrammingProblems\ProgrammingProblems.csproj", "{24BACD56-8236-4F72-8AE8-7D406AAD842A}"
EndProject
Project("{FAE04EC0-301F-11D3-BF4B-00C04F79EFBC}") = "ProgrammingProblems.Test", "ProgrammingProblems.Test\ProgrammingProblems.Test.csproj", "{C0939625-C1AA-455A-8008-EB30F1CA8BFF}"
EndProject
Global
	GlobalSection(SolutionConfigurationPlatforms) = preSolution
		Debug|Any CPU = Debug|Any CPU
		Debug|Mixed Platforms = Debug|Mixed Platforms
		Debug|x86 = Debug|x86
		Release|Any CPU = Release|Any CPU
		Release|Mixed Platforms = Release|Mixed Platforms
		Release|x86 = Release|x86
	EndGlobalSection
	GlobalSection(ProjectConfigurationPlatforms) = postSolution
		{4D1A0394-5A71-4FFC-A679-D164908F36B1}.Debug|Any CPU.ActiveCfg = Debug|Any CPU
		{4D1A0394-5A71-4FFC-A679-D164908F36B1}.Debug|Any CPU.Build.0 = Debug|Any CPU
		{4D1A0394-5A71-4FFC-A679-D164908F36B1}.Debug|Mixed Platforms.ActiveCfg = Debug|Any CPU
		{4D1A0394-5A71-4FFC-A679-D164908F36B1}.Debug|Mixed Platforms.Build.0 = Debug|Any CPU
		{4D1A0394-5A71-4FFC-A679-D164908F36B1}.Debug|x86.ActiveCfg = Debug|Any CPU
		{4D1A0394-5A71-4FFC-A679-D164908F36B1}.Release|Any CPU.ActiveCfg = Release|Any CPU
		{4D1A0394-5A71-4FFC-A679-D164908F36B1}.Release|Any CPU.Build.0 = Release|Any CPU
		{4D1A0394-5A71-4FFC-A679-D164908F36B1}.Release|Mixed Platforms.ActiveCfg = Release|Any CPU
		{4D1A0394-5A71-4FFC-A679-D164908F36B1}.Release|Mixed Platforms.Build.0 = Release|Any CPU
		{4D1A0394-5A71-4FFC-A679-D164908F36B1}.Release|x86.ActiveCfg = Release|Any CPU
		{24BACD56-8236-4F72-8AE8-7D406AAD842A}.Debug|Any CPU.ActiveCfg = Debug|Any CPU
		{24BACD56-8236-4F72-8AE8-7D406AAD842A}.Debug|Any CPU.Build.0 = Debug|Any CPU
		{24BACD56-8236-4F72-8AE8-7D406AAD842A}.Debug|Mixed Platforms.ActiveCfg = Debug|Any CPU
		{24BACD56-8236-4F72-8AE8-7D406AAD842A}.Debug|Mixed Platforms.Build.0 = Debug|Any CPU
		{24BACD56-8236-4F72-8AE8-7D406AAD842A}.Debug|x86.ActiveCfg = Debug|Any CPU
		{24BACD56-8236-4F72-8AE8-7D406AAD842A}.Release|Any CPU.ActiveCfg = Release|Any CPU
		{24BACD56-8236-4F72-8AE8-7D406AAD842A}.Release|Any CPU.Build.0 = Release|Any CPU
		{24BACD56-8236-4F72-8AE8-7D406AAD842A}.Release|Mixed Platforms.ActiveCfg = Release|Any CPU
		{24BACD56-8236-4F72-8AE8-7D406AAD842A}.Release|Mixed Platforms.Build.0 = Release|Any CPU
		{24BACD56-8236-4F72-8AE8-7D406AAD842A}.Release|x86.ActiveCfg = Release|Any CPU
		{C0939625-C1AA-455A-8008-EB30F1CA8BFF}.Debug|Any CPU.ActiveCfg = Debug|Any CPU
		{C0939625-C1AA-455A-8008-EB30F1CA8BFF}.Debug|Any CPU.Build.0 = Debug|Any CPU
		{C0939625-C1AA-455A-8008-EB30F1CA8BFF}.Debug|Mixed Platforms.ActiveCfg = Debug|Any CPU
		{C0939625-C1AA-455A-8008-EB30F1CA8BFF}.Debug|Mixed Platforms.Build.0 = Debug|Any CPU
		{C0939625-C1AA-455A-8008-EB30F1CA8BFF}.Debug|x86.ActiveCfg = Debug|Any CPU
		{C0939625-C1AA-455A-8008-EB30F1CA8BFF}.Release|Any CPU.ActiveCfg = Release|Any CPU
		{C0939625-C1AA-455A-8008-EB30F1CA8BFF}.Release|Any CPU.Build.0 = Release|Any CPU
		{C0939625-C1AA-455A-8008-EB30F1CA8BFF}.Release|Mixed Platforms.ActiveCfg = Release|Any CPU
		{C0939625-C1AA-455A-8008-EB30F1CA8BFF}.Release|Mixed Platforms.Build.0 = Release|Any CPU
		{C0939625-C1AA-455A-8008-EB30F1CA8BFF}.Release|x86.ActiveCfg = Release|Any CPU
	EndGlobalSection
	GlobalSection(SolutionProperties) = preSolution
		HideSolutionNode = FALSE
	EndGlobalSection
EndGlobal
